
Microsoft Visual Studio Solution File, Format Version 12.00
Project("{FAE04EC0-301F-11D3-BF4B-00C04F79EFBC}") = "RandomColor", "RandomColor\RandomColor.csproj", "{DDE36997-0E72-4234-A8CD-25CD4D2628A4}"
EndProject
Global
	GlobalSection(SolutionConfigurationPlatforms) = preSolution
		Debug|Any CPU = Debug|Any CPU
		Release|Any CPU = Release|Any CPU
	EndGlobalSection
	GlobalSection(ProjectConfigurationPlatforms) = postSolution
		{DDE36997-0E72-4234-A8CD-25CD4D2628A4}.Debug|Any CPU.ActiveCfg = Debug|Any CPU
		{DDE36997-0E72-4234-A8CD-25CD4D2628A4}.Debug|Any CPU.Build.0 = Debug|Any CPU
		{DDE36997-0E72-4234-A8CD-25CD4D2628A4}.Release|Any CPU.ActiveCfg = Release|Any CPU
		{DDE36997-0E72-4234-A8CD-25CD4D2628A4}.Release|Any CPU.Build.0 = Release|Any CPU
	EndGlobalSection
EndGlobal
